
Microsoft Visual Studio Solution File, Format Version 12.00
# Visual Studio Version 16
VisualStudioVersion = 16.0.29709.97
MinimumVisualStudioVersion = 10.0.40219.1
Project("{9A19103F-16F7-4668-BE54-9A1E7A4F7556}") = "NodeBotServer", "NodeBotServer.csproj", "{A951138F-4288-4CD7-A244-8BFC51F08CF9}"
EndProject
Global
	GlobalSection(SolutionConfigurationPlatforms) = preSolution
		Debug|Any CPU = Debug|Any CPU
		Release|Any CPU = Release|Any CPU
	EndGlobalSection
	GlobalSection(ProjectConfigurationPlatforms) = postSolution
		{A951138F-4288-4CD7-A244-8BFC51F08CF9}.Debug|Any CPU.ActiveCfg = Debug|Any CPU
		{A951138F-4288-4CD7-A244-8BFC51F08CF9}.Debug|Any CPU.Build.0 = Debug|Any CPU
		{A951138F-4288-4CD7-A244-8BFC51F08CF9}.Release|Any CPU.ActiveCfg = Release|Any CPU
		{A951138F-4288-4CD7-A244-8BFC51F08CF9}.Release|Any CPU.Build.0 = Release|Any CPU
	EndGlobalSection
	GlobalSection(SolutionProperties) = preSolution
		HideSolutionNode = FALSE
	EndGlobalSection
	GlobalSection(ExtensibilityGlobals) = postSolution
		SolutionGuid = {71A28781-BAF3-4E7F-8EC1-F757C64B656D}
	EndGlobalSection
EndGlobal
